
Microsoft Visual Studio Solution File, Format Version 12.00
# Visual Studio Version 17
VisualStudioVersion = 17.0.32126.317
MinimumVisualStudioVersion = 10.0.40219.1
Project("{9A19103F-16F7-4668-BE54-9A1E7A4F7556}") = "ChessAPI", "ChessAPI\ChessAPI.csproj", "{FA08E4C1-DCE5-4798-965B-E509A8AA626A}"
EndProject
Project("{9A19103F-16F7-4668-BE54-9A1E7A4F7556}") = "ClientManual", "ClientManual\ClientManual.csproj", "{18F533DA-19BD-4760-AFDD-A341CC250671}"
EndProject
Project("{D954291E-2A0B-460D-934E-DC6B0785DB48}") = "SharedCsharpModels", "SharedCsharpModels\SharedCsharpModels.shproj", "{7CDF6821-D79E-4285-A374-5A2EB1031F80}"
EndProject
Project("{9A19103F-16F7-4668-BE54-9A1E7A4F7556}") = "ChessAPI Tests", "ChessAPI Tests\ChessAPI Tests.csproj", "{CC0BDCA0-5C59-4FED-8E44-0EDD97055466}"
EndProject
Project("{9A19103F-16F7-4668-BE54-9A1E7A4F7556}") = "ConsoleClient Tests", "ConsoleClient Tests\ConsoleClient Tests.csproj", "{C06D6763-A028-419D-81AF-4A003F83F941}"
EndProject
Project("{2150E333-8FDC-42A3-9474-1A3956D46DE8}") = "Solution Items", "Solution Items", "{165F3C1E-A69B-454E-8D99-D6BDADF7D089}"
	ProjectSection(SolutionItems) = preProject
		ClientManuals.txt = ClientManuals.txt
	EndProjectSection
EndProject
Global
	GlobalSection(SharedMSBuildProjectFiles) = preSolution
		SharedCsharpModels\SharedCsharpModels.projitems*{18f533da-19bd-4760-afdd-a341cc250671}*SharedItemsImports = 5
		SharedCsharpModels\SharedCsharpModels.projitems*{7cdf6821-d79e-4285-a374-5a2eb1031f80}*SharedItemsImports = 13
		SharedCsharpModels\SharedCsharpModels.projitems*{fa08e4c1-dce5-4798-965b-e509a8aa626a}*SharedItemsImports = 5
	EndGlobalSection
	GlobalSection(SolutionConfigurationPlatforms) = preSolution
		Debug|Any CPU = Debug|Any CPU
		Release|Any CPU = Release|Any CPU
	EndGlobalSection
	GlobalSection(ProjectConfigurationPlatforms) = postSolution
		{FA08E4C1-DCE5-4798-965B-E509A8AA626A}.Debug|Any CPU.ActiveCfg = Debug|Any CPU
		{FA08E4C1-DCE5-4798-965B-E509A8AA626A}.Debug|Any CPU.Build.0 = Debug|Any CPU
		{FA08E4C1-DCE5-4798-965B-E509A8AA626A}.Release|Any CPU.ActiveCfg = Release|Any CPU
		{FA08E4C1-DCE5-4798-965B-E509A8AA626A}.Release|Any CPU.Build.0 = Release|Any CPU
		{18F533DA-19BD-4760-AFDD-A341CC250671}.Debug|Any CPU.ActiveCfg = Debug|Any CPU
		{18F533DA-19BD-4760-AFDD-A341CC250671}.Debug|Any CPU.Build.0 = Debug|Any CPU
		{18F533DA-19BD-4760-AFDD-A341CC250671}.Release|Any CPU.ActiveCfg = Release|Any CPU
		{18F533DA-19BD-4760-AFDD-A341CC250671}.Release|Any CPU.Build.0 = Release|Any CPU
		{CC0BDCA0-5C59-4FED-8E44-0EDD97055466}.Debug|Any CPU.ActiveCfg = Debug|Any CPU
		{CC0BDCA0-5C59-4FED-8E44-0EDD97055466}.Debug|Any CPU.Build.0 = Debug|Any CPU
		{CC0BDCA0-5C59-4FED-8E44-0EDD97055466}.Release|Any CPU.ActiveCfg = Release|Any CPU
		{CC0BDCA0-5C59-4FED-8E44-0EDD97055466}.Release|Any CPU.Build.0 = Release|Any CPU
		{C06D6763-A028-419D-81AF-4A003F83F941}.Debug|Any CPU.ActiveCfg = Debug|Any CPU
		{C06D6763-A028-419D-81AF-4A003F83F941}.Debug|Any CPU.Build.0 = Debug|Any CPU
		{C06D6763-A028-419D-81AF-4A003F83F941}.Release|Any CPU.ActiveCfg = Release|Any CPU
		{C06D6763-A028-419D-81AF-4A003F83F941}.Release|Any CPU.Build.0 = Release|Any CPU
	EndGlobalSection
	GlobalSection(SolutionProperties) = preSolution
		HideSolutionNode = FALSE
	EndGlobalSection
	GlobalSection(ExtensibilityGlobals) = postSolution
		SolutionGuid = {DBA5E19C-1D42-4039-8D79-F6CA26A2F71B}
	EndGlobalSection
EndGlobal
